
Microsoft Visual Studio Solution File, Format Version 12.00
# Visual Studio 15
VisualStudioVersion = 15.0.28307.757
MinimumVisualStudioVersion = 10.0.40219.1
Project("{FAE04EC0-301F-11D3-BF4B-00C04F79EFBC}") = "AngularAuthentication", "AngularAuthentication\AngularAuthentication.csproj", "{1C645D50-60F0-44C6-97BF-CE9CD37BA69A}"
EndProject
Global
	GlobalSection(SolutionConfigurationPlatforms) = preSolution
		Debug|Any CPU = Debug|Any CPU
		Release|Any CPU = Release|Any CPU
	EndGlobalSection
	GlobalSection(ProjectConfigurationPlatforms) = postSolution
		{1C645D50-60F0-44C6-97BF-CE9CD37BA69A}.Debug|Any CPU.ActiveCfg = Debug|Any CPU
		{1C645D50-60F0-44C6-97BF-CE9CD37BA69A}.Debug|Any CPU.Build.0 = Debug|Any CPU
		{1C645D50-60F0-44C6-97BF-CE9CD37BA69A}.Release|Any CPU.ActiveCfg = Release|Any CPU
		{1C645D50-60F0-44C6-97BF-CE9CD37BA69A}.Release|Any CPU.Build.0 = Release|Any CPU
	EndGlobalSection
	GlobalSection(SolutionProperties) = preSolution
		HideSolutionNode = FALSE
	EndGlobalSection
	GlobalSection(ExtensibilityGlobals) = postSolution
		SolutionGuid = {FA365400-905B-4881-BF55-BD1CD1684A8C}
	EndGlobalSection
EndGlobal
